// !$*UTF8*$!
{
	archiveVersion = 1;
	classes = {
	};
	objectVersion = 56;
	objects = {

/* Begin PBXBuildFile section */
		B84948A22A90D5A00013E150 /* RecommendBannerView.swift in Sources */ = {isa = PBXBuildFile; fileRef = B84948A12A90D5A00013E150 /* RecommendBannerView.swift */; };
		B88387AC2A90801C007633B4 /* TOBIDApp.swift in Sources */ = {isa = PBXBuildFile; fileRef = B88387AB2A90801C007633B4 /* TOBIDApp.swift */; };
		B88387AE2A90801C007633B4 /* ContentView.swift in Sources */ = {isa = PBXBuildFile; fileRef = B88387AD2A90801C007633B4 /* ContentView.swift */; };
		B88387B02A90801D007633B4 /* Assets.xcassets in Resources */ = {isa = PBXBuildFile; fileRef = B88387AF2A90801D007633B4 /* Assets.xcassets */; };
		B88387B32A90801D007633B4 /* Preview Assets.xcassets in Resources */ = {isa = PBXBuildFile; fileRef = B88387B22A90801D007633B4 /* Preview Assets.xcassets */; };
		B88387BB2A9084C2007633B4 /* MainView.swift in Sources */ = {isa = PBXBuildFile; fileRef = B88387BA2A9084C2007633B4 /* MainView.swift */; };
		B88387BD2A9084CA007633B4 /* MyPageView.swift in Sources */ = {isa = PBXBuildFile; fileRef = B88387BC2A9084CA007633B4 /* MyPageView.swift */; };
		B88387C02A908D2B007633B4 /* MainTabView.swift in Sources */ = {isa = PBXBuildFile; fileRef = B88387BF2A908D2B007633B4 /* MainTabView.swift */; };
		B88387C22A908D92007633B4 /* RoleSelectionView.swift in Sources */ = {isa = PBXBuildFile; fileRef = B88387C12A908D92007633B4 /* RoleSelectionView.swift */; };
		B88387C82A90955D007633B4 /* MapView.swift in Sources */ = {isa = PBXBuildFile; fileRef = B88387C72A90955D007633B4 /* MapView.swift */; };
		B88387CC2A90B5BD007633B4 /* UnityView.swift in Sources */ = {isa = PBXBuildFile; fileRef = B88387CB2A90B5BD007633B4 /* UnityView.swift */; };
/* End PBXBuildFile section */

/* Begin PBXFileReference section */
		B84948A12A90D5A00013E150 /* RecommendBannerView.swift */ = {isa = PBXFileReference; lastKnownFileType = sourcecode.swift; path = RecommendBannerView.swift; sourceTree = "<group>"; };
		B88387A82A90801C007633B4 /* TOBID.app */ = {isa = PBXFileReference; explicitFileType = wrapper.application; includeInIndex = 0; path = TOBID.app; sourceTree = BUILT_PRODUCTS_DIR; };
		B88387AB2A90801C007633B4 /* TOBIDApp.swift */ = {isa = PBXFileReference; lastKnownFileType = sourcecode.swift; path = TOBIDApp.swift; sourceTree = "<group>"; };
		B88387AD2A90801C007633B4 /* ContentView.swift */ = {isa = PBXFileReference; lastKnownFileType = sourcecode.swift; path = ContentView.swift; sourceTree = "<group>"; };
		B88387AF2A90801D007633B4 /* Assets.xcassets */ = {isa = PBXFileReference; lastKnownFileType = folder.assetcatalog; path = Assets.xcassets; sourceTree = "<group>"; };
		B88387B22A90801D007633B4 /* Preview Assets.xcassets */ = {isa = PBXFileReference; lastKnownFileType = folder.assetcatalog; path = "Preview Assets.xcassets"; sourceTree = "<group>"; };
		B88387BA2A9084C2007633B4 /* MainView.swift */ = {isa = PBXFileReference; lastKnownFileType = sourcecode.swift; path = MainView.swift; sourceTree = "<group>"; };
		B88387BC2A9084CA007633B4 /* MyPageView.swift */ = {isa = PBXFileReference; lastKnownFileType = sourcecode.swift; path = MyPageView.swift; sourceTree = "<group>"; };
		B88387BF2A908D2B007633B4 /* MainTabView.swift */ = {isa = PBXFileReference; lastKnownFileType = sourcecode.swift; path = MainTabView.swift; sourceTree = "<group>"; };
		B88387C12A908D92007633B4 /* RoleSelectionView.swift */ = {isa = PBXFileReference; lastKnownFileType = sourcecode.swift; path = RoleSelectionView.swift; sourceTree = "<group>"; };
		B88387C72A90955D007633B4 /* MapView.swift */ = {isa = PBXFileReference; lastKnownFileType = sourcecode.swift; path = MapView.swift; sourceTree = "<group>"; };
		B88387CB2A90B5BD007633B4 /* UnityView.swift */ = {isa = PBXFileReference; lastKnownFileType = sourcecode.swift; path = UnityView.swift; sourceTree = "<group>"; };
/* End PBXFileReference section */

/* Begin PBXFrameworksBuildPhase section */
		B88387A52A90801C007633B4 /* Frameworks */ = {
			isa = PBXFrameworksBuildPhase;
			buildActionMask = 2147483647;
			files = (
			);
			runOnlyForDeploymentPostprocessing = 0;
		};
/* End PBXFrameworksBuildPhase section */

/* Begin PBXGroup section */
		B883879F2A90801C007633B4 = {
			isa = PBXGroup;
			children = (
				B88387AA2A90801C007633B4 /* TOBID */,
				B88387A92A90801C007633B4 /* Products */,
			);
			sourceTree = "<group>";
		};
		B88387A92A90801C007633B4 /* Products */ = {
			isa = PBXGroup;
			children = (
				B88387A82A90801C007633B4 /* TOBID.app */,
			);
			name = Products;
			sourceTree = "<group>";
		};
		B88387AA2A90801C007633B4 /* TOBID */ = {
			isa = PBXGroup;
			children = (
				B88387B92A90849B007633B4 /* View */,
				B88387AB2A90801C007633B4 /* TOBIDApp.swift */,
				B88387AD2A90801C007633B4 /* ContentView.swift */,
				B88387AF2A90801D007633B4 /* Assets.xcassets */,
				B88387B12A90801D007633B4 /* Preview Content */,
			);
			path = TOBID;
			sourceTree = "<group>";
		};
		B88387B12A90801D007633B4 /* Preview Content */ = {
			isa = PBXGroup;
			children = (
				B88387B22A90801D007633B4 /* Preview Assets.xcassets */,
			);
			path = "Preview Content";
			sourceTree = "<group>";
		};
		B88387B92A90849B007633B4 /* View */ = {
			isa = PBXGroup;
			children = (
				B88387BE2A908B9B007633B4 /* TabView */,
				B88387C62A909551007633B4 /* Utils */,
				B88387BF2A908D2B007633B4 /* MainTabView.swift */,
				B88387C12A908D92007633B4 /* RoleSelectionView.swift */,
				B88387CB2A90B5BD007633B4 /* UnityView.swift */,
			);
			path = View;
			sourceTree = "<group>";
		};
		B88387BE2A908B9B007633B4 /* TabView */ = {
			isa = PBXGroup;
			children = (
				B88387BA2A9084C2007633B4 /* MainView.swift */,
				B88387BC2A9084CA007633B4 /* MyPageView.swift */,
			);
			path = TabView;
			sourceTree = "<group>";
		};
		B88387C62A909551007633B4 /* Utils */ = {
			isa = PBXGroup;
			children = (
				B88387C72A90955D007633B4 /* MapView.swift */,
				B84948A12A90D5A00013E150 /* RecommendBannerView.swift */,
			);
			path = Utils;
			sourceTree = "<group>";
		};
/* End PBXGroup section */

/* Begin PBXNativeTarget section */
		B88387A72A90801C007633B4 /* TOBID */ = {
			isa = PBXNativeTarget;
			buildConfigurationList = B88387B62A90801D007633B4 /* Build configuration list for PBXNativeTarget "TOBID" */;
			buildPhases = (
				B88387A42A90801C007633B4 /* Sources */,
				B88387A52A90801C007633B4 /* Frameworks */,
				B88387A62A90801C007633B4 /* Resources */,
			);
			buildRules = (
			);
			dependencies = (
			);
			name = TOBID;
			productName = TOBID;
			productReference = B88387A82A90801C007633B4 /* TOBID.app */;
			productType = "com.apple.product-type.application";
		};
/* End PBXNativeTarget section */

/* Begin PBXProject section */
		B88387A02A90801C007633B4 /* Project object */ = {
			isa = PBXProject;
			attributes = {
				BuildIndependentTargetsInParallel = 1;
				LastSwiftUpdateCheck = 1430;
				LastUpgradeCheck = 1430;
				TargetAttributes = {
					B88387A72A90801C007633B4 = {
						CreatedOnToolsVersion = 14.3.1;
					};
				};
			};
			buildConfigurationList = B88387A32A90801C007633B4 /* Build configuration list for PBXProject "TOBID" */;
			compatibilityVersion = "Xcode 14.0";
			developmentRegion = en;
			hasScannedForEncodings = 0;
			knownRegions = (
				en,
				Base,
			);
			mainGroup = B883879F2A90801C007633B4;
			productRefGroup = B88387A92A90801C007633B4 /* Products */;
			projectDirPath = "";
			projectRoot = "";
			targets = (
				B88387A72A90801C007633B4 /* TOBID */,
			);
		};
/* End PBXProject section */

/* Begin PBXResourcesBuildPhase section */
		B88387A62A90801C007633B4 /* Resources */ = {
			isa = PBXResourcesBuildPhase;
			buildActionMask = 2147483647;
			files = (
				B88387B32A90801D007633B4 /* Preview Assets.xcassets in Resources */,
				B88387B02A90801D007633B4 /* Assets.xcassets in Resources */,
			);
			runOnlyForDeploymentPostprocessing = 0;
		};
/* End PBXResourcesBuildPhase section */

/* Begin PBXSourcesBuildPhase section */
		B88387A42A90801C007633B4 /* Sources */ = {
			isa = PBXSourcesBuildPhase;
			buildActionMask = 2147483647;
			files = (
				B88387C82A90955D007633B4 /* MapView.swift in Sources */,
				B88387BD2A9084CA007633B4 /* MyPageView.swift in Sources */,
				B84948A22A90D5A00013E150 /* RecommendBannerView.swift in Sources */,
				B88387AE2A90801C007633B4 /* ContentView.swift in Sources */,
				B88387BB2A9084C2007633B4 /* MainView.swift in Sources */,
				B88387C22A908D92007633B4 /* RoleSelectionView.swift in Sources */,
				B88387AC2A90801C007633B4 /* TOBIDApp.swift in Sources */,
				B88387CC2A90B5BD007633B4 /* UnityView.swift in Sources */,
				B88387C02A908D2B007633B4 /* MainTabView.swift in Sources */,
			);
			runOnlyForDeploymentPostprocessing = 0;
		};
/* End PBXSourcesBuildPhase section */

/* Begin XCBuildConfiguration section */
		B88387B42A90801D007633B4 /* Debug */ = {
			isa = XCBuildConfiguration;
			buildSettings = {
				ALWAYS_SEARCH_USER_PATHS = NO;
				CLANG_ANALYZER_NONNULL = YES;
				CLANG_ANALYZER_NUMBER_OBJECT_CONVERSION = YES_AGGRESSIVE;
				CLANG_CXX_LANGUAGE_STANDARD = "gnu++20";
				CLANG_ENABLE_MODULES = YES;
				CLANG_ENABLE_OBJC_ARC = YES;
				CLANG_ENABLE_OBJC_WEAK = YES;
				CLANG_WARN_BLOCK_CAPTURE_AUTORELEASING = YES;
				CLANG_WARN_BOOL_CONVERSION = YES;
				CLANG_WARN_COMMA = YES;
				CLANG_WARN_CONSTANT_CONVERSION = YES;
				CLANG_WARN_DEPRECATED_OBJC_IMPLEMENTATIONS = YES;
				CLANG_WARN_DIRECT_OBJC_ISA_USAGE = YES_ERROR;
				CLANG_WARN_DOCUMENTATION_COMMENTS = YES;
				CLANG_WARN_EMPTY_BODY = YES;
				CLANG_WARN_ENUM_CONVERSION = YES;
				CLANG_WARN_INFINITE_RECURSION = YES;
				CLANG_WARN_INT_CONVERSION = YES;
				CLANG_WARN_NON_LITERAL_NULL_CONVERSION = YES;
				CLANG_WARN_OBJC_IMPLICIT_RETAIN_SELF = YES;
				CLANG_WARN_OBJC_LITERAL_CONVERSION = YES;
				CLANG_WARN_OBJC_ROOT_CLASS = YES_ERROR;
				CLANG_WARN_QUOTED_INCLUDE_IN_FRAMEWORK_HEADER = YES;
				CLANG_WARN_RANGE_LOOP_ANALYSIS = YES;
				CLANG_WARN_STRICT_PROTOTYPES = YES;
				CLANG_WARN_SUSPICIOUS_MOVE = YES;
				CLANG_WARN_UNGUARDED_AVAILABILITY = YES_AGGRESSIVE;
				CLANG_WARN_UNREACHABLE_CODE = YES;
				CLANG_WARN__DUPLICATE_METHOD_MATCH = YES;
				COPY_PHASE_STRIP = NO;
				DEBUG_INFORMATION_FORMAT = dwarf;
				ENABLE_STRICT_OBJC_MSGSEND = YES;
				ENABLE_TESTABILITY = YES;
				GCC_C_LANGUAGE_STANDARD = gnu11;
				GCC_DYNAMIC_NO_PIC = NO;
				GCC_NO_COMMON_BLOCKS = YES;
				GCC_OPTIMIZATION_LEVEL = 0;
				GCC_PREPROCESSOR_DEFINITIONS = (
					"DEBUG=1",
					"$(inherited)",
				);
				GCC_WARN_64_TO_32_BIT_CONVERSION = YES;
				GCC_WARN_ABOUT_RETURN_TYPE = YES_ERROR;
				GCC_WARN_UNDECLARED_SELECTOR = YES;
				GCC_WARN_UNINITIALIZED_AUTOS = YES_AGGRESSIVE;
				GCC_WARN_UNUSED_FUNCTION = YES;
				GCC_WARN_UNUSED_VARIABLE = YES;
				IPHONEOS_DEPLOYMENT_TARGET = 16.4;
				MTL_ENABLE_DEBUG_INFO = INCLUDE_SOURCE;
				MTL_FAST_MATH = YES;
				ONLY_ACTIVE_ARCH = YES;
				SDKROOT = iphoneos;
				SWIFT_ACTIVE_COMPILATION_CONDITIONS = DEBUG;
				SWIFT_OPTIMIZATION_LEVEL = "-Onone";
			};
			name = Debug;
		};
		B88387B52A90801D007633B4 /* Release */ = {
			isa = XCBuildConfiguration;
			buildSettings = {
				ALWAYS_SEARCH_USER_PATHS = NO;
				CLANG_ANALYZER_NONNULL = YES;
				CLANG_ANALYZER_NUMBER_OBJECT_CONVERSION = YES_AGGRESSIVE;
				CLANG_CXX_LANGUAGE_STANDARD = "gnu++20";
				CLANG_ENABLE_MODULES = YES;
				CLANG_ENABLE_OBJC_ARC = YES;
				CLANG_ENABLE_OBJC_WEAK = YES;
				CLANG_WARN_BLOCK_CAPTURE_AUTORELEASING = YES;
				CLANG_WARN_BOOL_CONVERSION = YES;
				CLANG_WARN_COMMA = YES;
				CLANG_WARN_CONSTANT_CONVERSION = YES;
				CLANG_WARN_DEPRECATED_OBJC_IMPLEMENTATIONS = YES;
				CLANG_WARN_DIRECT_OBJC_ISA_USAGE = YES_ERROR;
				CLANG_WARN_DOCUMENTATION_COMMENTS = YES;
				CLANG_WARN_EMPTY_BODY = YES;
				CLANG_WARN_ENUM_CONVERSION = YES;
				CLANG_WARN_INFINITE_RECURSION = YES;
				CLANG_WARN_INT_CONVERSION = YES;
				CLANG_WARN_NON_LITERAL_NULL_CONVERSION = YES;
				CLANG_WARN_OBJC_IMPLICIT_RETAIN_SELF = YES;
				CLANG_WARN_OBJC_LITERAL_CONVERSION = YES;
				CLANG_WARN_OBJC_ROOT_CLASS = YES_ERROR;
				CLANG_WARN_QUOTED_INCLUDE_IN_FRAMEWORK_HEADER = YES;
				CLANG_WARN_RANGE_LOOP_ANALYSIS = YES;
				CLANG_WARN_STRICT_PROTOTYPES = YES;
				CLANG_WARN_SUSPICIOUS_MOVE = YES;
				CLANG_WARN_UNGUARDED_AVAILABILITY = YES_AGGRESSIVE;
				CLANG_WARN_UNREACHABLE_CODE = YES;
				CLANG_WARN__DUPLICATE_METHOD_MATCH = YES;
				COPY_PHASE_STRIP = NO;
				DEBUG_INFORMATION_FORMAT = "dwarf-with-dsym";
				ENABLE_NS_ASSERTIONS = NO;
				ENABLE_STRICT_OBJC_MSGSEND = YES;
				GCC_C_LANGUAGE_STANDARD = gnu11;
				GCC_NO_COMMON_BLOCKS = YES;
				GCC_WARN_64_TO_32_BIT_CONVERSION = YES;
				GCC_WARN_ABOUT_RETURN_TYPE = YES_ERROR;
				GCC_WARN_UNDECLARED_SELECTOR = YES;
				GCC_WARN_UNINITIALIZED_AUTOS = YES_AGGRESSIVE;
				GCC_WARN_UNUSED_FUNCTION = YES;
				GCC_WARN_UNUSED_VARIABLE = YES;
				IPHONEOS_DEPLOYMENT_TARGET = 16.4;
				MTL_ENABLE_DEBUG_INFO = NO;
				MTL_FAST_MATH = YES;
				SDKROOT = iphoneos;
				SWIFT_COMPILATION_MODE = wholemodule;
				SWIFT_OPTIMIZATION_LEVEL = "-O";
				VALIDATE_PRODUCT = YES;
			};
			name = Release;
		};
		B88387B72A90801D007633B4 /* Debug */ = {
			isa = XCBuildConfiguration;
			buildSettings = {
				ASSETCATALOG_COMPILER_APPICON_NAME = AppIcon;
				ASSETCATALOG_COMPILER_GLOBAL_ACCENT_COLOR_NAME = AccentColor;
				CODE_SIGN_STYLE = Automatic;
				CURRENT_PROJECT_VERSION = 1;
				DEVELOPMENT_ASSET_PATHS = "\"TOBID/Preview Content\"";
				DEVELOPMENT_TEAM = RCM87YWJ79;
				ENABLE_PREVIEWS = YES;
				GENERATE_INFOPLIST_FILE = YES;
				INFOPLIST_KEY_UIApplicationSceneManifest_Generation = YES;
				INFOPLIST_KEY_UIApplicationSupportsIndirectInputEvents = YES;
				INFOPLIST_KEY_UILaunchScreen_Generation = YES;
				INFOPLIST_KEY_UISupportedInterfaceOrientations_iPad = "UIInterfaceOrientationPortrait UIInterfaceOrientationPortraitUpsideDown UIInterfaceOrientationLandscapeLeft UIInterfaceOrientationLandscapeRight";
				INFOPLIST_KEY_UISupportedInterfaceOrientations_iPhone = "UIInterfaceOrientationPortrait UIInterfaceOrientationLandscapeLeft UIInterfaceOrientationLandscapeRight";
				LD_RUNPATH_SEARCH_PATHS = (
					"$(inherited)",
					"@executable_path/Frameworks",
				);
				MARKETING_VERSION = 1.0;
				PRODUCT_BUNDLE_IDENTIFIER = kybeen.TOBID;
				PRODUCT_NAME = "$(TARGET_NAME)";
				SWIFT_EMIT_LOC_STRINGS = YES;
				SWIFT_VERSION = 5.0;
				TARGETED_DEVICE_FAMILY = "1,2";
			};
			name = Debug;
		};
		B88387B82A90801D007633B4 /* Release */ = {
			isa = XCBuildConfiguration;
			buildSettings = {
				ASSETCATALOG_COMPILER_APPICON_NAME = AppIcon;
				ASSETCATALOG_COMPILER_GLOBAL_ACCENT_COLOR_NAME = AccentColor;
				CODE_SIGN_STYLE = Automatic;
				CURRENT_PROJECT_VERSION = 1;
				DEVELOPMENT_ASSET_PATHS = "\"TOBID/Preview Content\"";
				DEVELOPMENT_TEAM = RCM87YWJ79;
				ENABLE_PREVIEWS = YES;
				GENERATE_INFOPLIST_FILE = YES;
				INFOPLIST_KEY_UIApplicationSceneManifest_Generation = YES;
				INFOPLIST_KEY_UIApplicationSupportsIndirectInputEvents = YES;
				INFOPLIST_KEY_UILaunchScreen_Generation = YES;
				INFOPLIST_KEY_UISupportedInterfaceOrientations_iPad = "UIInterfaceOrientationPortrait UIInterfaceOrientationPortraitUpsideDown UIInterfaceOrientationLandscapeLeft UIInterfaceOrientationLandscapeRight";
				INFOPLIST_KEY_UISupportedInterfaceOrientations_iPhone = "UIInterfaceOrientationPortrait UIInterfaceOrientationLandscapeLeft UIInterfaceOrientationLandscapeRight";
				LD_RUNPATH_SEARCH_PATHS = (
					"$(inherited)",
					"@executable_path/Frameworks",
				);
				MARKETING_VERSION = 1.0;
				PRODUCT_BUNDLE_IDENTIFIER = kybeen.TOBID;
				PRODUCT_NAME = "$(TARGET_NAME)";
				SWIFT_EMIT_LOC_STRINGS = YES;
				SWIFT_VERSION = 5.0;
				TARGETED_DEVICE_FAMILY = "1,2";
			};
			name = Release;
		};
/* End XCBuildConfiguration section */

/* Begin XCConfigurationList section */
		B88387A32A90801C007633B4 /* Build configuration list for PBXProject "TOBID" */ = {
			isa = XCConfigurationList;
			buildConfigurations = (
				B88387B42A90801D007633B4 /* Debug */,
				B88387B52A90801D007633B4 /* Release */,
			);
			defaultConfigurationIsVisible = 0;
			defaultConfigurationName = Release;
		};
		B88387B62A90801D007633B4 /* Build configuration list for PBXNativeTarget "TOBID" */ = {
			isa = XCConfigurationList;
			buildConfigurations = (
				B88387B72A90801D007633B4 /* Debug */,
				B88387B82A90801D007633B4 /* Release */,
			);
			defaultConfigurationIsVisible = 0;
			defaultConfigurationName = Release;
		};
/* End XCConfigurationList section */
	};
	rootObject = B88387A02A90801C007633B4 /* Project object */;
}
